{
  "version": "v1",
  "packages": {
    "@pollar/auth-core": {
      "signature": "64dab709bf05104c061b2520b640ef8e",
      "file": true
    },
    "@pollar/core": {
      "signature": "4a8ad070515a77a10e7d004a443f73b7",
      "file": true,
      "replaced": "^0.4.2"
    },
    "@pollar/react": {
      "signature": "ed5536060f1a34cd314facd4d4bb57b6",
      "file": true,
      "replaced": "^0.4.2"
    }
  }
}