{
  "version": "v1",
  "packages": {
    "@pollar/auth-core": {
      "signature": "64dab709bf05104c061b2520b640ef8e",
      "file": true
    },
    "@pollar/core": {
      "signature": "e846e3d6cee1ab30cb9958a461df741f",
      "file": true,
      "replaced": "^0.4.5"
    },
    "@pollar/react": {
      "signature": "dab3a83998347599b4fe006df8471e96",
      "file": true,
      "replaced": "^0.4.5"
    }
  }
}