{
  "version": "v1",
  "packages": {
    "@pollar/auth-core": {
      "signature": "64dab709bf05104c061b2520b640ef8e",
      "file": true
    },
    "@pollar/core": {
      "signature": "a8668e2fb8593b42d67c8708efd01b24",
      "file": true,
      "replaced": "^0.3.2"
    },
    "@pollar/react": {
      "signature": "9004b4b9a553349ca18912daa786548d",
      "file": true,
      "replaced": "^0.3.2"
    }
  }
}